
Microsoft Visual Studio Solution File, Format Version 11.00
# Visual Studio 2010
Project("{FAE04EC0-301F-11D3-BF4B-00C04F79EFBC}") = "Assembly-CSharp", "Assembly-CSharp.csproj", "{aae52a16-b1ff-4351-117a-9bf4e72d916b}"
EndProject
Project("{FAE04EC0-301F-11D3-BF4B-00C04F79EFBC}") = "Assembly-CSharp-Editor", "Assembly-CSharp-Editor.csproj", "{669e7e18-c33d-261d-77bc-c2fc8616e9a7}"
EndProject
Global
	GlobalSection(SolutionConfigurationPlatforms) = preSolution
		Debug|Any CPU = Debug|Any CPU
	EndGlobalSection
	GlobalSection(ProjectConfigurationPlatforms) = postSolution
		{aae52a16-b1ff-4351-117a-9bf4e72d916b}.Debug|Any CPU.ActiveCfg = Debug|Any CPU
		{aae52a16-b1ff-4351-117a-9bf4e72d916b}.Debug|Any CPU.Build.0 = Debug|Any CPU
		{669e7e18-c33d-261d-77bc-c2fc8616e9a7}.Debug|Any CPU.ActiveCfg = Debug|Any CPU
		{669e7e18-c33d-261d-77bc-c2fc8616e9a7}.Debug|Any CPU.Build.0 = Debug|Any CPU
	EndGlobalSection
	GlobalSection(SolutionProperties) = preSolution
		HideSolutionNode = FALSE
	EndGlobalSection
EndGlobal
